
Microsoft Visual Studio Solution File, Format Version 12.00
# Visual Studio Version 16
VisualStudioVersion = 16.0.29519.87
MinimumVisualStudioVersion = 10.0.40219.1
Project("{FAE04EC0-301F-11D3-BF4B-00C04F79EFBC}") = "TauSayisi", "TauSayisi.csproj", "{126974F7-BDCA-444E-8DD0-EB86BEFF9D80}"
EndProject
Global
	GlobalSection(SolutionConfigurationPlatforms) = preSolution
		Debug|Any CPU = Debug|Any CPU
		Release|Any CPU = Release|Any CPU
	EndGlobalSection
	GlobalSection(ProjectConfigurationPlatforms) = postSolution
		{126974F7-BDCA-444E-8DD0-EB86BEFF9D80}.Debug|Any CPU.ActiveCfg = Debug|Any CPU
		{126974F7-BDCA-444E-8DD0-EB86BEFF9D80}.Debug|Any CPU.Build.0 = Debug|Any CPU
		{126974F7-BDCA-444E-8DD0-EB86BEFF9D80}.Release|Any CPU.ActiveCfg = Release|Any CPU
		{126974F7-BDCA-444E-8DD0-EB86BEFF9D80}.Release|Any CPU.Build.0 = Release|Any CPU
	EndGlobalSection
	GlobalSection(SolutionProperties) = preSolution
		HideSolutionNode = FALSE
	EndGlobalSection
	GlobalSection(ExtensibilityGlobals) = postSolution
		SolutionGuid = {E2FE863F-4EB6-4BEB-A1EE-25B72959CE83}
	EndGlobalSection
EndGlobal
